
Microsoft Visual Studio Solution File, Format Version 12.00
# Visual Studio 2015
Project("{FAE04EC0-301F-11D3-BF4B-00C04F79EFBC}") = "Tugas1-y", "Tugas1-y.csproj", "{81EB2DE3-C211-F66C-930E-DD1CC497045F}"
EndProject
Project("{FAE04EC0-301F-11D3-BF4B-00C04F79EFBC}") = "Tugas1-y.Editor", "Tugas1-y.Editor.csproj", "{D7593FED-570D-D9C9-F4BB-F57674ABBECC}"
EndProject
Global
	GlobalSection(SolutionConfigurationPlatforms) = preSolution
		Debug|Any CPU = Debug|Any CPU
		Release|Any CPU = Release|Any CPU
	EndGlobalSection
	GlobalSection(ProjectConfigurationPlatforms) = postSolution
		{81EB2DE3-C211-F66C-930E-DD1CC497045F}.Debug|Any CPU.ActiveCfg = Debug|Any CPU
		{81EB2DE3-C211-F66C-930E-DD1CC497045F}.Debug|Any CPU.Build.0 = Debug|Any CPU
		{81EB2DE3-C211-F66C-930E-DD1CC497045F}.Release|Any CPU.ActiveCfg = Release|Any CPU
		{81EB2DE3-C211-F66C-930E-DD1CC497045F}.Release|Any CPU.Build.0 = Release|Any CPU
		{D7593FED-570D-D9C9-F4BB-F57674ABBECC}.Debug|Any CPU.ActiveCfg = Debug|Any CPU
		{D7593FED-570D-D9C9-F4BB-F57674ABBECC}.Debug|Any CPU.Build.0 = Debug|Any CPU
		{D7593FED-570D-D9C9-F4BB-F57674ABBECC}.Release|Any CPU.ActiveCfg = Release|Any CPU
		{D7593FED-570D-D9C9-F4BB-F57674ABBECC}.Release|Any CPU.Build.0 = Release|Any CPU
	EndGlobalSection
	GlobalSection(SolutionProperties) = preSolution
		HideSolutionNode = FALSE
	EndGlobalSection
EndGlobal
